
Microsoft Visual Studio Solution File, Format Version 12.00
# Visual Studio 15
Project("{FAE04EC0-301F-11D3-BF4B-00C04F79EFBC}") = "Assembly-CSharp", "Assembly-CSharp.csproj", "{412896EC-9A4D-67FB-D2D8-255425164C41}"
EndProject
Project("{FAE04EC0-301F-11D3-BF4B-00C04F79EFBC}") = "Assembly-CSharp-Editor", "Assembly-CSharp-Editor.csproj", "{4161CC81-1B9E-9500-9590-3C7B30946527}"
EndProject
Global
	GlobalSection(SolutionConfigurationPlatforms) = preSolution
		Debug|Any CPU = Debug|Any CPU
		Release|Any CPU = Release|Any CPU
	EndGlobalSection
	GlobalSection(ProjectConfigurationPlatforms) = postSolution
		{412896EC-9A4D-67FB-D2D8-255425164C41}.Debug|Any CPU.ActiveCfg = Debug|Any CPU
		{412896EC-9A4D-67FB-D2D8-255425164C41}.Debug|Any CPU.Build.0 = Debug|Any CPU
		{412896EC-9A4D-67FB-D2D8-255425164C41}.Release|Any CPU.ActiveCfg = Release|Any CPU
		{412896EC-9A4D-67FB-D2D8-255425164C41}.Release|Any CPU.Build.0 = Release|Any CPU
		{4161CC81-1B9E-9500-9590-3C7B30946527}.Debug|Any CPU.ActiveCfg = Debug|Any CPU
		{4161CC81-1B9E-9500-9590-3C7B30946527}.Debug|Any CPU.Build.0 = Debug|Any CPU
		{4161CC81-1B9E-9500-9590-3C7B30946527}.Release|Any CPU.ActiveCfg = Release|Any CPU
		{4161CC81-1B9E-9500-9590-3C7B30946527}.Release|Any CPU.Build.0 = Release|Any CPU
	EndGlobalSection
	GlobalSection(SolutionProperties) = preSolution
		HideSolutionNode = FALSE
	EndGlobalSection
EndGlobal
